
Microsoft Visual Studio Solution File, Format Version 12.00
# Visual Studio 14
VisualStudioVersion = 14.0.25420.1
MinimumVisualStudioVersion = 10.0.40219.1
Project("{FAE04EC0-301F-11D3-BF4B-00C04F79EFBC}") = "RPGTest", "RPGTest\RPGTest.csproj", "{5F096D7D-D51A-4F5A-A2A9-6DC2AD4BB0F7}"
EndProject
Project("{2150E333-8FDC-42A3-9474-1A3956D46DE8}") = "Solution Items", "Solution Items", "{46F5CF08-7FC6-45F1-A351-95BDA1AB217F}"
	ProjectSection(SolutionItems) = preProject
		Mechanics.cs = Mechanics.cs
	EndProjectSection
EndProject
Global
	GlobalSection(SolutionConfigurationPlatforms) = preSolution
		Debug|Any CPU = Debug|Any CPU
		Release|Any CPU = Release|Any CPU
	EndGlobalSection
	GlobalSection(ProjectConfigurationPlatforms) = postSolution
		{5F096D7D-D51A-4F5A-A2A9-6DC2AD4BB0F7}.Debug|Any CPU.ActiveCfg = Debug|Any CPU
		{5F096D7D-D51A-4F5A-A2A9-6DC2AD4BB0F7}.Debug|Any CPU.Build.0 = Debug|Any CPU
		{5F096D7D-D51A-4F5A-A2A9-6DC2AD4BB0F7}.Release|Any CPU.ActiveCfg = Release|Any CPU
		{5F096D7D-D51A-4F5A-A2A9-6DC2AD4BB0F7}.Release|Any CPU.Build.0 = Release|Any CPU
	EndGlobalSection
	GlobalSection(SolutionProperties) = preSolution
		HideSolutionNode = FALSE
	EndGlobalSection
EndGlobal
